
Microsoft Visual Studio Solution File, Format Version 12.00
# Visual Studio Version 17
VisualStudioVersion = 17.9.34723.18
MinimumVisualStudioVersion = 10.0.40219.1
Project("{FAE04EC0-301F-11D3-BF4B-00C04F79EFBC}") = "brew-master-pro", "brew-master-pro\brew-master-pro.csproj", "{753C276E-9D1F-43D0-8E8E-44C8F3DF6637}"
EndProject
Global
	GlobalSection(SolutionConfigurationPlatforms) = preSolution
		Debug|Any CPU = Debug|Any CPU
		Release|Any CPU = Release|Any CPU
	EndGlobalSection
	GlobalSection(ProjectConfigurationPlatforms) = postSolution
		{753C276E-9D1F-43D0-8E8E-44C8F3DF6637}.Debug|Any CPU.ActiveCfg = Debug|Any CPU
		{753C276E-9D1F-43D0-8E8E-44C8F3DF6637}.Debug|Any CPU.Build.0 = Debug|Any CPU
		{753C276E-9D1F-43D0-8E8E-44C8F3DF6637}.Release|Any CPU.ActiveCfg = Release|Any CPU
		{753C276E-9D1F-43D0-8E8E-44C8F3DF6637}.Release|Any CPU.Build.0 = Release|Any CPU
	EndGlobalSection
	GlobalSection(SolutionProperties) = preSolution
		HideSolutionNode = FALSE
	EndGlobalSection
	GlobalSection(ExtensibilityGlobals) = postSolution
		SolutionGuid = {F43E453B-E854-44BE-BB46-EF94899C3A96}
	EndGlobalSection
EndGlobal
